{
  "originHash" : "48d34105e6bb98a5a0a25a8c59c3f49ee6d9ec7a0001473512b3a215c73153b3",
  "pins" : [
    {
      "identity" : "viewinspector",
      "kind" : "remoteSourceControl",
      "location" : "https://github.com/nalexn/ViewInspector",
      "state" : {
        "revision" : "2dacb6e514be19379c605a5a11564d0f3fea89d9",
        "version" : "0.10.5"
      }
    }
  ],
  "version" : 3
}
